
Microsoft Visual Studio Solution File, Format Version 12.00
# Visual Studio Version 16
VisualStudioVersion = 16.0.32228.343
MinimumVisualStudioVersion = 10.0.40219.1
Project("{FAE04EC0-301F-11D3-BF4B-00C04F79EFBC}") = "LinqToObject", "LinqToObject\LinqToObject.csproj", "{F8CD7350-A1A4-4C60-AFBA-7FDF57A41749}"
EndProject
Project("{FAE04EC0-301F-11D3-BF4B-00C04F79EFBC}") = "Library", "Library\Library.csproj", "{D1DEFEC8-CEDA-44D0-9811-2C8B2CDE2154}"
EndProject
Global
	GlobalSection(SolutionConfigurationPlatforms) = preSolution
		Debug|Any CPU = Debug|Any CPU
		Release|Any CPU = Release|Any CPU
	EndGlobalSection
	GlobalSection(ProjectConfigurationPlatforms) = postSolution
		{F8CD7350-A1A4-4C60-AFBA-7FDF57A41749}.Debug|Any CPU.ActiveCfg = Debug|Any CPU
		{F8CD7350-A1A4-4C60-AFBA-7FDF57A41749}.Debug|Any CPU.Build.0 = Debug|Any CPU
		{F8CD7350-A1A4-4C60-AFBA-7FDF57A41749}.Release|Any CPU.ActiveCfg = Release|Any CPU
		{F8CD7350-A1A4-4C60-AFBA-7FDF57A41749}.Release|Any CPU.Build.0 = Release|Any CPU
		{D1DEFEC8-CEDA-44D0-9811-2C8B2CDE2154}.Debug|Any CPU.ActiveCfg = Debug|Any CPU
		{D1DEFEC8-CEDA-44D0-9811-2C8B2CDE2154}.Debug|Any CPU.Build.0 = Debug|Any CPU
		{D1DEFEC8-CEDA-44D0-9811-2C8B2CDE2154}.Release|Any CPU.ActiveCfg = Release|Any CPU
		{D1DEFEC8-CEDA-44D0-9811-2C8B2CDE2154}.Release|Any CPU.Build.0 = Release|Any CPU
	EndGlobalSection
	GlobalSection(SolutionProperties) = preSolution
		HideSolutionNode = FALSE
	EndGlobalSection
	GlobalSection(ExtensibilityGlobals) = postSolution
		SolutionGuid = {3B4D9B51-8B72-4C78-B07E-2D2B3AE22D76}
	EndGlobalSection
EndGlobal
